
Microsoft Visual Studio Solution File, Format Version 12.00
# Visual Studio 15
VisualStudioVersion = 15.0.28307.168
MinimumVisualStudioVersion = 10.0.40219.1
Project("{FAE04EC0-301F-11D3-BF4B-00C04F79EFBC}") = "NumberInserting", "NumberInserting\NumberInserting.csproj", "{356CB5E7-97F5-4CA2-9442-6797B1A63FCE}"
EndProject
Project("{FAE04EC0-301F-11D3-BF4B-00C04F79EFBC}") = "NumberInserting.Tests", "NumberInserting.Tests\NumberInserting.Tests.csproj", "{94451015-0505-4246-B145-C86DCA540043}"
EndProject
Global
	GlobalSection(SolutionConfigurationPlatforms) = preSolution
		Debug|Any CPU = Debug|Any CPU
		Release|Any CPU = Release|Any CPU
	EndGlobalSection
	GlobalSection(ProjectConfigurationPlatforms) = postSolution
		{356CB5E7-97F5-4CA2-9442-6797B1A63FCE}.Debug|Any CPU.ActiveCfg = Debug|Any CPU
		{356CB5E7-97F5-4CA2-9442-6797B1A63FCE}.Debug|Any CPU.Build.0 = Debug|Any CPU
		{356CB5E7-97F5-4CA2-9442-6797B1A63FCE}.Release|Any CPU.ActiveCfg = Release|Any CPU
		{356CB5E7-97F5-4CA2-9442-6797B1A63FCE}.Release|Any CPU.Build.0 = Release|Any CPU
		{94451015-0505-4246-B145-C86DCA540043}.Debug|Any CPU.ActiveCfg = Debug|Any CPU
		{94451015-0505-4246-B145-C86DCA540043}.Debug|Any CPU.Build.0 = Debug|Any CPU
		{94451015-0505-4246-B145-C86DCA540043}.Release|Any CPU.ActiveCfg = Release|Any CPU
		{94451015-0505-4246-B145-C86DCA540043}.Release|Any CPU.Build.0 = Release|Any CPU
	EndGlobalSection
	GlobalSection(SolutionProperties) = preSolution
		HideSolutionNode = FALSE
	EndGlobalSection
	GlobalSection(ExtensibilityGlobals) = postSolution
		SolutionGuid = {A0A724B2-AAAC-4488-8F0F-BDE7375BF0FE}
	EndGlobalSection
EndGlobal
